Microsoft Visual Studio Solution File, Format Version 12.00
# Visual Studio 15
VisualStudioVersion = 15.0.28307.1062
MinimumVisualStudioVersion = 10.0.40219.1
Project("{2150E333-8FDC-42A3-9474-1A3956D46DE8}") = "UI", "UI", "{99DF5C3A-AD95-4F65-83DF-BC83F619070B}"
EndProject
Project("{2150E333-8FDC-42A3-9474-1A3956D46DE8}") = "Infrastructure", "Infrastructure", "{E4BC093E-6B38-4128-B368-93AE4D72DAB0}"
EndProject
Project("{2150E333-8FDC-42A3-9474-1A3956D46DE8}") = "SOA", "SOA", "{CE1B624F-B646-4E8D-9331-0C1402AD4F5A}"
EndProject
Project("{FAE04EC0-301F-11D3-BF4B-00C04F79EFBC}") = "Infrastructure.Web", "Infrastructure\Infrastructure.Web\Infrastructure.Web.csproj", "{D2AC8387-FC21-4E8E-810B-C0A637D44222}"
EndProject
Project("{FAE04EC0-301F-11D3-BF4B-00C04F79EFBC}") = "Infrastructure.Utility", "Infrastructure\Infrastructure.Utility\Infrastructure.Utility.csproj", "{946E0A0A-8280-46B3-893E-1B00A554CCAB}"
EndProject
Project("{FAE04EC0-301F-11D3-BF4B-00C04F79EFBC}") = "Infrastructure.Core.Data", "Infrastructure\Infrastructure.Core.Data\Infrastructure.Core.Data.csproj", "{D58A373C-1A9C-4BF7-833D-427E4AEF8502}"
EndProject
Project("{FAE04EC0-301F-11D3-BF4B-00C04F79EFBC}") = "Infrastructure.Core", "Infrastructure\Infrastructure.Core\Infrastructure.Core.csproj", "{F7C67C95-FACB-4160-9A88-CB738E65E034}"
EndProject
Project("{FAE04EC0-301F-11D3-BF4B-00C04F79EFBC}") = "Infrastructure.Web.Client", "Infrastructure\Infrastructure.Web\Infrastructure.Web.Client.csproj", "{C925C08F-2E11-45EA-BA85-BBF90F17F886}"
EndProject
Project("{2150E333-8FDC-42A3-9474-1A3956D46DE8}") = "Tools", "Tools", "{C02F6006-926C-44F8-9B6E-703A9BA52342}"
EndProject
Project("{FAE04EC0-301F-11D3-BF4B-00C04F79EFBC}") = "DLYB.Weixin", "Tools\Innocellence.Weixin\DLYB.Weixin.csproj", "{814092CD-9CD0-4FB7-91E8-D147F476F1FB}"
EndProject
Project("{FAE04EC0-301F-11D3-BF4B-00C04F79EFBC}") = "DLYB.Weixin.MP", "Tools\Innocellence.Weixin.MP\DLYB.Weixin.MP.csproj", "{1D815FBF-451C-4E23-939C-CB80172F445C}"
EndProject
Project("{FAE04EC0-301F-11D3-BF4B-00C04F79EFBC}") = "DLYB.Weixin.QY", "Tools\Innocellence.Weixin.QY\DLYB.Weixin.QY.csproj", "{2CA35598-F1A1-4DC9-AA20-A4346BFCB954}"
EndProject
Project("{2150E333-8FDC-42A3-9474-1A3956D46DE8}") = "Library", "Library", "{D8C3295E-0EAD-4474-878F-E1317FFF6F86}"
	ProjectSection(SolutionItems) = preProject
		Dll\Novell.Directory.Ldap.dll = Dll\Novell.Directory.Ldap.dll
	EndProjectSection
EndProject
Project("{FAE04EC0-301F-11D3-BF4B-00C04F79EFBC}") = "DLYB.Web", "UI\Innocellence.Web\DLYB.Web.csproj", "{18C3D59C-C5C8-4CF9-AD10-CBB0659ADCF8}"
EndProject
Project("{FAE04EC0-301F-11D3-BF4B-00C04F79EFBC}") = "Infrastructure.Web.Domain", "Infrastructure\Infrastructure.Web.Domain\Infrastructure.Web.Domain.csproj", "{2F57CF8C-F50F-4215-BAF9-3863DAD1FE93}"
EndProject
Project("{2150E333-8FDC-42A3-9474-1A3956D46DE8}") = "Plugins", "Plugins", "{3FEC96D8-7407-4519-BC7D-4BBE837C4008}"
EndProject
Project("{2150E333-8FDC-42A3-9474-1A3956D46DE8}") = "CA.Domain", "CA.Domain", "{3B9953E6-E8AC-409B-9DFA-E982C8B9A32F}"
EndProject
Project("{FAE04EC0-301F-11D3-BF4B-00C04F79EFBC}") = "Innocellence.CA.Service", "Plugins\Domain\Innocellence.CA.Service\Innocellence.CA.Service.csproj", "{E95F23B9-C1D9-4AF3-8E12-A5CC13492AC9}"
EndProject
Project("{FAE04EC0-301F-11D3-BF4B-00C04F79EFBC}") = "Innocellence.CA.Contracts", "Plugins\Domain\Innocellence.CA.Entity\Innocellence.CA.Contracts.csproj", "{5BD2ACF0-3E58-4556-B9AF-BBFC004EBB55}"
EndProject
Project("{FAE04EC0-301F-11D3-BF4B-00C04F79EFBC}") = "Innocellence.Owin.Security.OAuthClient", "Library\Innocellence.Owin.Security.OAuthClient\Innocellence.Owin.Security.OAuthClient.csproj", "{B96EC058-D0AF-4B2B-8AFF-6300F286F89A}"
EndProject
Project("{FAE04EC0-301F-11D3-BF4B-00C04F79EFBC}") = "Microsoft.Owin.Security.WsFederation", "Library\Microsoft.Owin.Security.WsFederation\Microsoft.Owin.Security.WsFederation.csproj", "{23D90C94-647A-416C-9227-9A0779401EBC}"
EndProject
Project("{FAE04EC0-301F-11D3-BF4B-00C04F79EFBC}") = "Innocellence.Owin.Security.SAML", "Library\Innocellence.Owin.Security.SAML\Innocellence.Owin.Security.SAML.csproj", "{3BCCAB71-BC4E-4D1C-A7CB-AB0D87B4E1DD}"
EndProject
Project("{2150E333-8FDC-42A3-9474-1A3956D46DE8}") = "Cache", "Cache", "{F00F6797-8DEC-4212-B6CC-20F3B3CCD8E0}"
EndProject
Project("{FAE04EC0-301F-11D3-BF4B-00C04F79EFBC}") = "Innocellence.Weixin.Cache.Redis", "Tools\Cache\Innocellence.Weixin.Cache.Redis\Innocellence.Weixin.Cache.Redis.csproj", "{51AC27B4-11AE-4F59-B82A-0BB3AFA5F62B}"
EndProject
Project("{FAE04EC0-301F-11D3-BF4B-00C04F79EFBC}") = "Innocellence.Weixin.Cache.DB", "Tools\Cache\Innocellence.Weixin.Cache.DB\Innocellence.Weixin.Cache.DB.csproj", "{8552E919-8A5B-49D0-B7C7-CB42F1E229A9}"
EndProject
Project("{FAE04EC0-301F-11D3-BF4B-00C04F79EFBC}") = "DLYB.FaultSearch", "Plugins\Innocellence.FaultSearch\DLYB.FaultSearch.csproj", "{8C8C21F4-A262-4F06-8728-157CEC6FA4A3}"
EndProject
Project("{FAE04EC0-301F-11D3-BF4B-00C04F79EFBC}") = "DLYB.Authentication", "Plugins\Innocellence.Authentication\DLYB.Authentication.csproj", "{1B9DAEAE-1477-4A45-BAD0-EA53288F2C52}"
EndProject
Project("{FAE04EC0-301F-11D3-BF4B-00C04F79EFBC}") = "DLYBWindowsService", "DLYBWindowsService\DLYBWindowsService.csproj", "{8EE36ABD-5CB9-4AC5-A411-3B93BB19C77A}"
EndProject
Project("{FAE04EC0-301F-11D3-BF4B-00C04F79EFBC}") = "ConsoleApp1", "ConsoleApp1\ConsoleApp1.csproj", "{5EC43740-E6B1-4C21-A9FB-B45255D6055B}"
EndProject
Global
	GlobalSection(SolutionConfigurationPlatforms) = preSolution
		CodeAnalysis|Any CPU = CodeAnalysis|Any CPU
		CodeAnalysis|x86 = CodeAnalysis|x86
		Debug|Any CPU = Debug|Any CPU
		Debug|x86 = Debug|x86
		Release|Any CPU = Release|Any CPU
		Release|x86 = Release|x86
		Test|Any CPU = Test|Any CPU
		Test|x86 = Test|x86
	EndGlobalSection
	GlobalSection(ProjectConfigurationPlatforms) = postSolution
		{D2AC8387-FC21-4E8E-810B-C0A637D44222}.CodeAnalysis|Any CPU.ActiveCfg = Release|Any CPU
		{D2AC8387-FC21-4E8E-810B-C0A637D44222}.CodeAnalysis|Any CPU.Build.0 = Release|Any CPU
		{D2AC8387-FC21-4E8E-810B-C0A637D44222}.CodeAnalysis|x86.ActiveCfg = Debug|Any CPU
		{D2AC8387-FC21-4E8E-810B-C0A637D44222}.Debug|Any CPU.ActiveCfg = Debug|Any CPU
		{D2AC8387-FC21-4E8E-810B-C0A637D44222}.Debug|Any CPU.Build.0 = Debug|Any CPU
		{D2AC8387-FC21-4E8E-810B-C0A637D44222}.Debug|x86.ActiveCfg = Debug|Any CPU
		{D2AC8387-FC21-4E8E-810B-C0A637D44222}.Release|Any CPU.ActiveCfg = Release|Any CPU
		{D2AC8387-FC21-4E8E-810B-C0A637D44222}.Release|Any CPU.Build.0 = Release|Any CPU
		{D2AC8387-FC21-4E8E-810B-C0A637D44222}.Release|x86.ActiveCfg = Release|Any CPU
		{D2AC8387-FC21-4E8E-810B-C0A637D44222}.Test|Any CPU.ActiveCfg = Release|Any CPU
		{D2AC8387-FC21-4E8E-810B-C0A637D44222}.Test|Any CPU.Build.0 = Release|Any CPU
		{D2AC8387-FC21-4E8E-810B-C0A637D44222}.Test|x86.ActiveCfg = Debug|Any CPU
		{946E0A0A-8280-46B3-893E-1B00A554CCAB}.CodeAnalysis|Any CPU.ActiveCfg = Release|Any CPU
		{946E0A0A-8280-46B3-893E-1B00A554CCAB}.CodeAnalysis|Any CPU.Build.0 = Release|Any CPU
		{946E0A0A-8280-46B3-893E-1B00A554CCAB}.CodeAnalysis|x86.ActiveCfg = Debug|Any CPU
		{946E0A0A-8280-46B3-893E-1B00A554CCAB}.Debug|Any CPU.ActiveCfg = Debug|Any CPU
		{946E0A0A-8280-46B3-893E-1B00A554CCAB}.Debug|Any CPU.Build.0 = Debug|Any CPU
		{946E0A0A-8280-46B3-893E-1B00A554CCAB}.Debug|x86.ActiveCfg = Debug|Any CPU
		{946E0A0A-8280-46B3-893E-1B00A554CCAB}.Release|Any CPU.ActiveCfg = Release|Any CPU
		{946E0A0A-8280-46B3-893E-1B00A554CCAB}.Release|Any CPU.Build.0 = Release|Any CPU
		{946E0A0A-8280-46B3-893E-1B00A554CCAB}.Release|x86.ActiveCfg = Release|Any CPU
		{946E0A0A-8280-46B3-893E-1B00A554CCAB}.Test|Any CPU.ActiveCfg = Release|Any CPU
		{946E0A0A-8280-46B3-893E-1B00A554CCAB}.Test|Any CPU.Build.0 = Release|Any CPU
		{946E0A0A-8280-46B3-893E-1B00A554CCAB}.Test|x86.ActiveCfg = Debug|Any CPU
		{D58A373C-1A9C-4BF7-833D-427E4AEF8502}.CodeAnalysis|Any CPU.ActiveCfg = Release|Any CPU
		{D58A373C-1A9C-4BF7-833D-427E4AEF8502}.CodeAnalysis|Any CPU.Build.0 = Release|Any CPU
		{D58A373C-1A9C-4BF7-833D-427E4AEF8502}.CodeAnalysis|x86.ActiveCfg = Debug|Any CPU
		{D58A373C-1A9C-4BF7-833D-427E4AEF8502}.Debug|Any CPU.ActiveCfg = Debug|Any CPU
		{D58A373C-1A9C-4BF7-833D-427E4AEF8502}.Debug|Any CPU.Build.0 = Debug|Any CPU
		{D58A373C-1A9C-4BF7-833D-427E4AEF8502}.Debug|x86.ActiveCfg = Debug|Any CPU
		{D58A373C-1A9C-4BF7-833D-427E4AEF8502}.Release|Any CPU.ActiveCfg = Release|Any CPU
		{D58A373C-1A9C-4BF7-833D-427E4AEF8502}.Release|Any CPU.Build.0 = Release|Any CPU
		{D58A373C-1A9C-4BF7-833D-427E4AEF8502}.Release|x86.ActiveCfg = Release|Any CPU
		{D58A373C-1A9C-4BF7-833D-427E4AEF8502}.Test|Any CPU.ActiveCfg = Release|Any CPU
		{D58A373C-1A9C-4BF7-833D-427E4AEF8502}.Test|Any CPU.Build.0 = Release|Any CPU
		{D58A373C-1A9C-4BF7-833D-427E4AEF8502}.Test|x86.ActiveCfg = Debug|Any CPU
		{F7C67C95-FACB-4160-9A88-CB738E65E034}.CodeAnalysis|Any CPU.ActiveCfg = Release|Any CPU
		{F7C67C95-FACB-4160-9A88-CB738E65E034}.CodeAnalysis|Any CPU.Build.0 = Release|Any CPU
		{F7C67C95-FACB-4160-9A88-CB738E65E034}.CodeAnalysis|x86.ActiveCfg = Debug|Any CPU
		{F7C67C95-FACB-4160-9A88-CB738E65E034}.Debug|Any CPU.ActiveCfg = Debug|Any CPU
		{F7C67C95-FACB-4160-9A88-CB738E65E034}.Debug|Any CPU.Build.0 = Debug|Any CPU
		{F7C67C95-FACB-4160-9A88-CB738E65E034}.Debug|x86.ActiveCfg = Debug|Any CPU
		{F7C67C95-FACB-4160-9A88-CB738E65E034}.Release|Any CPU.ActiveCfg = Release|Any CPU
		{F7C67C95-FACB-4160-9A88-CB738E65E034}.Release|Any CPU.Build.0 = Release|Any CPU
		{F7C67C95-FACB-4160-9A88-CB738E65E034}.Release|x86.ActiveCfg = Release|Any CPU
		{F7C67C95-FACB-4160-9A88-CB738E65E034}.Test|Any CPU.ActiveCfg = Release|Any CPU
		{F7C67C95-FACB-4160-9A88-CB738E65E034}.Test|Any CPU.Build.0 = Release|Any CPU
		{F7C67C95-FACB-4160-9A88-CB738E65E034}.Test|x86.ActiveCfg = Debug|Any CPU
		{C925C08F-2E11-45EA-BA85-BBF90F17F886}.CodeAnalysis|Any CPU.ActiveCfg = Release|Any CPU
		{C925C08F-2E11-45EA-BA85-BBF90F17F886}.CodeAnalysis|Any CPU.Build.0 = Release|Any CPU
		{C925C08F-2E11-45EA-BA85-BBF90F17F886}.CodeAnalysis|x86.ActiveCfg = Debug|Any CPU
		{C925C08F-2E11-45EA-BA85-BBF90F17F886}.Debug|Any CPU.ActiveCfg = Debug|Any CPU
		{C925C08F-2E11-45EA-BA85-BBF90F17F886}.Debug|Any CPU.Build.0 = Debug|Any CPU
		{C925C08F-2E11-45EA-BA85-BBF90F17F886}.Debug|x86.ActiveCfg = Debug|Any CPU
		{C925C08F-2E11-45EA-BA85-BBF90F17F886}.Release|Any CPU.ActiveCfg = Release|Any CPU
		{C925C08F-2E11-45EA-BA85-BBF90F17F886}.Release|x86.ActiveCfg = Release|Any CPU
		{C925C08F-2E11-45EA-BA85-BBF90F17F886}.Test|Any CPU.ActiveCfg = Release|Any CPU
		{C925C08F-2E11-45EA-BA85-BBF90F17F886}.Test|Any CPU.Build.0 = Release|Any CPU
		{C925C08F-2E11-45EA-BA85-BBF90F17F886}.Test|x86.ActiveCfg = Debug|Any CPU
		{814092CD-9CD0-4FB7-91E8-D147F476F1FB}.CodeAnalysis|Any CPU.ActiveCfg = Release|Any CPU
		{814092CD-9CD0-4FB7-91E8-D147F476F1FB}.CodeAnalysis|Any CPU.Build.0 = Release|Any CPU
		{814092CD-9CD0-4FB7-91E8-D147F476F1FB}.CodeAnalysis|x86.ActiveCfg = Release|x86
		{814092CD-9CD0-4FB7-91E8-D147F476F1FB}.CodeAnalysis|x86.Build.0 = Release|x86
		{814092CD-9CD0-4FB7-91E8-D147F476F1FB}.Debug|Any CPU.ActiveCfg = Debug|Any CPU
		{814092CD-9CD0-4FB7-91E8-D147F476F1FB}.Debug|Any CPU.Build.0 = Debug|Any CPU
		{814092CD-9CD0-4FB7-91E8-D147F476F1FB}.Debug|x86.ActiveCfg = Debug|x86
		{814092CD-9CD0-4FB7-91E8-D147F476F1FB}.Debug|x86.Build.0 = Debug|x86
		{814092CD-9CD0-4FB7-91E8-D147F476F1FB}.Release|Any CPU.ActiveCfg = Release|Any CPU
		{814092CD-9CD0-4FB7-91E8-D147F476F1FB}.Release|Any CPU.Build.0 = Release|Any CPU
		{814092CD-9CD0-4FB7-91E8-D147F476F1FB}.Release|x86.ActiveCfg = Release|x86
		{814092CD-9CD0-4FB7-91E8-D147F476F1FB}.Release|x86.Build.0 = Release|x86
		{814092CD-9CD0-4FB7-91E8-D147F476F1FB}.Test|Any CPU.ActiveCfg = Release|Any CPU
		{814092CD-9CD0-4FB7-91E8-D147F476F1FB}.Test|Any CPU.Build.0 = Release|Any CPU
		{814092CD-9CD0-4FB7-91E8-D147F476F1FB}.Test|x86.ActiveCfg = Release|x86
		{814092CD-9CD0-4FB7-91E8-D147F476F1FB}.Test|x86.Build.0 = Release|x86
		{1D815FBF-451C-4E23-939C-CB80172F445C}.CodeAnalysis|Any CPU.ActiveCfg = Test|Any CPU
		{1D815FBF-451C-4E23-939C-CB80172F445C}.CodeAnalysis|Any CPU.Build.0 = Test|Any CPU
		{1D815FBF-451C-4E23-939C-CB80172F445C}.CodeAnalysis|x86.ActiveCfg = Test|x86
		{1D815FBF-451C-4E23-939C-CB80172F445C}.CodeAnalysis|x86.Build.0 = Test|x86
		{1D815FBF-451C-4E23-939C-CB80172F445C}.Debug|Any CPU.ActiveCfg = Debug|Any CPU
		{1D815FBF-451C-4E23-939C-CB80172F445C}.Debug|Any CPU.Build.0 = Debug|Any CPU
		{1D815FBF-451C-4E23-939C-CB80172F445C}.Debug|x86.ActiveCfg = Debug|x86
		{1D815FBF-451C-4E23-939C-CB80172F445C}.Debug|x86.Build.0 = Debug|x86
		{1D815FBF-451C-4E23-939C-CB80172F445C}.Release|Any CPU.ActiveCfg = Release|Any CPU
		{1D815FBF-451C-4E23-939C-CB80172F445C}.Release|Any CPU.Build.0 = Release|Any CPU
		{1D815FBF-451C-4E23-939C-CB80172F445C}.Release|x86.ActiveCfg = Release|x86
		{1D815FBF-451C-4E23-939C-CB80172F445C}.Release|x86.Build.0 = Release|x86
		{1D815FBF-451C-4E23-939C-CB80172F445C}.Test|Any CPU.ActiveCfg = Test|Any CPU
		{1D815FBF-451C-4E23-939C-CB80172F445C}.Test|Any CPU.Build.0 = Test|Any CPU
		{1D815FBF-451C-4E23-939C-CB80172F445C}.Test|x86.ActiveCfg = Test|x86
		{1D815FBF-451C-4E23-939C-CB80172F445C}.Test|x86.Build.0 = Test|x86
		{2CA35598-F1A1-4DC9-AA20-A4346BFCB954}.CodeAnalysis|Any CPU.ActiveCfg = Release|Any CPU
		{2CA35598-F1A1-4DC9-AA20-A4346BFCB954}.CodeAnalysis|Any CPU.Build.0 = Release|Any CPU
		{2CA35598-F1A1-4DC9-AA20-A4346BFCB954}.CodeAnalysis|x86.ActiveCfg = Release|x86
		{2CA35598-F1A1-4DC9-AA20-A4346BFCB954}.CodeAnalysis|x86.Build.0 = Release|x86
		{2CA35598-F1A1-4DC9-AA20-A4346BFCB954}.Debug|Any CPU.ActiveCfg = Debug|Any CPU
		{2CA35598-F1A1-4DC9-AA20-A4346BFCB954}.Debug|Any CPU.Build.0 = Debug|Any CPU
		{2CA35598-F1A1-4DC9-AA20-A4346BFCB954}.Debug|x86.ActiveCfg = Debug|x86
		{2CA35598-F1A1-4DC9-AA20-A4346BFCB954}.Debug|x86.Build.0 = Debug|x86
		{2CA35598-F1A1-4DC9-AA20-A4346BFCB954}.Release|Any CPU.ActiveCfg = Release|Any CPU
		{2CA35598-F1A1-4DC9-AA20-A4346BFCB954}.Release|Any CPU.Build.0 = Release|Any CPU
		{2CA35598-F1A1-4DC9-AA20-A4346BFCB954}.Release|x86.ActiveCfg = Release|x86
		{2CA35598-F1A1-4DC9-AA20-A4346BFCB954}.Release|x86.Build.0 = Release|x86
		{2CA35598-F1A1-4DC9-AA20-A4346BFCB954}.Test|Any CPU.ActiveCfg = Release|Any CPU
		{2CA35598-F1A1-4DC9-AA20-A4346BFCB954}.Test|Any CPU.Build.0 = Release|Any CPU
		{2CA35598-F1A1-4DC9-AA20-A4346BFCB954}.Test|x86.ActiveCfg = Release|x86
		{2CA35598-F1A1-4DC9-AA20-A4346BFCB954}.Test|x86.Build.0 = Release|x86
		{18C3D59C-C5C8-4CF9-AD10-CBB0659ADCF8}.CodeAnalysis|Any CPU.ActiveCfg = Release|Any CPU
		{18C3D59C-C5C8-4CF9-AD10-CBB0659ADCF8}.CodeAnalysis|Any CPU.Build.0 = Release|Any CPU
		{18C3D59C-C5C8-4CF9-AD10-CBB0659ADCF8}.CodeAnalysis|x86.ActiveCfg = Debug|Any CPU
		{18C3D59C-C5C8-4CF9-AD10-CBB0659ADCF8}.Debug|Any CPU.ActiveCfg = Debug|Any CPU
		{18C3D59C-C5C8-4CF9-AD10-CBB0659ADCF8}.Debug|Any CPU.Build.0 = Debug|Any CPU
		{18C3D59C-C5C8-4CF9-AD10-CBB0659ADCF8}.Debug|x86.ActiveCfg = Debug|Any CPU
		{18C3D59C-C5C8-4CF9-AD10-CBB0659ADCF8}.Release|Any CPU.ActiveCfg = Release|Any CPU
		{18C3D59C-C5C8-4CF9-AD10-CBB0659ADCF8}.Release|Any CPU.Build.0 = Release|Any CPU
		{18C3D59C-C5C8-4CF9-AD10-CBB0659ADCF8}.Release|x86.ActiveCfg = Release|Any CPU
		{18C3D59C-C5C8-4CF9-AD10-CBB0659ADCF8}.Test|Any CPU.ActiveCfg = Release|Any CPU
		{18C3D59C-C5C8-4CF9-AD10-CBB0659ADCF8}.Test|Any CPU.Build.0 = Release|Any CPU
		{18C3D59C-C5C8-4CF9-AD10-CBB0659ADCF8}.Test|x86.ActiveCfg = Debug|Any CPU
		{2F57CF8C-F50F-4215-BAF9-3863DAD1FE93}.CodeAnalysis|Any CPU.ActiveCfg = Release|Any CPU
		{2F57CF8C-F50F-4215-BAF9-3863DAD1FE93}.CodeAnalysis|Any CPU.Build.0 = Release|Any CPU
		{2F57CF8C-F50F-4215-BAF9-3863DAD1FE93}.CodeAnalysis|x86.ActiveCfg = Debug|Any CPU
		{2F57CF8C-F50F-4215-BAF9-3863DAD1FE93}.Debug|Any CPU.ActiveCfg = Debug|Any CPU
		{2F57CF8C-F50F-4215-BAF9-3863DAD1FE93}.Debug|Any CPU.Build.0 = Debug|Any CPU
		{2F57CF8C-F50F-4215-BAF9-3863DAD1FE93}.Debug|x86.ActiveCfg = Debug|Any CPU
		{2F57CF8C-F50F-4215-BAF9-3863DAD1FE93}.Release|Any CPU.ActiveCfg = Release|Any CPU
		{2F57CF8C-F50F-4215-BAF9-3863DAD1FE93}.Release|Any CPU.Build.0 = Release|Any CPU
		{2F57CF8C-F50F-4215-BAF9-3863DAD1FE93}.Release|x86.ActiveCfg = Release|Any CPU
		{2F57CF8C-F50F-4215-BAF9-3863DAD1FE93}.Test|Any CPU.ActiveCfg = Release|Any CPU
		{2F57CF8C-F50F-4215-BAF9-3863DAD1FE93}.Test|Any CPU.Build.0 = Release|Any CPU
		{2F57CF8C-F50F-4215-BAF9-3863DAD1FE93}.Test|x86.ActiveCfg = Debug|Any CPU
		{E95F23B9-C1D9-4AF3-8E12-A5CC13492AC9}.CodeAnalysis|Any CPU.ActiveCfg = Release|Any CPU
		{E95F23B9-C1D9-4AF3-8E12-A5CC13492AC9}.CodeAnalysis|Any CPU.Build.0 = Release|Any CPU
		{E95F23B9-C1D9-4AF3-8E12-A5CC13492AC9}.CodeAnalysis|x86.ActiveCfg = Debug|Any CPU
		{E95F23B9-C1D9-4AF3-8E12-A5CC13492AC9}.Debug|Any CPU.ActiveCfg = Debug|Any CPU
		{E95F23B9-C1D9-4AF3-8E12-A5CC13492AC9}.Debug|Any CPU.Build.0 = Debug|Any CPU
		{E95F23B9-C1D9-4AF3-8E12-A5CC13492AC9}.Debug|x86.ActiveCfg = Debug|Any CPU
		{E95F23B9-C1D9-4AF3-8E12-A5CC13492AC9}.Release|Any CPU.ActiveCfg = Release|Any CPU
		{E95F23B9-C1D9-4AF3-8E12-A5CC13492AC9}.Release|Any CPU.Build.0 = Release|Any CPU
		{E95F23B9-C1D9-4AF3-8E12-A5CC13492AC9}.Release|x86.ActiveCfg = Release|Any CPU
		{E95F23B9-C1D9-4AF3-8E12-A5CC13492AC9}.Test|Any CPU.ActiveCfg = Release|Any CPU
		{E95F23B9-C1D9-4AF3-8E12-A5CC13492AC9}.Test|Any CPU.Build.0 = Release|Any CPU
		{E95F23B9-C1D9-4AF3-8E12-A5CC13492AC9}.Test|x86.ActiveCfg = Debug|Any CPU
		{5BD2ACF0-3E58-4556-B9AF-BBFC004EBB55}.CodeAnalysis|Any CPU.ActiveCfg = Release|Any CPU
		{5BD2ACF0-3E58-4556-B9AF-BBFC004EBB55}.CodeAnalysis|Any CPU.Build.0 = Release|Any CPU
		{5BD2ACF0-3E58-4556-B9AF-BBFC004EBB55}.CodeAnalysis|x86.ActiveCfg = Debug|Any CPU
		{5BD2ACF0-3E58-4556-B9AF-BBFC004EBB55}.Debug|Any CPU.ActiveCfg = Debug|Any CPU
		{5BD2ACF0-3E58-4556-B9AF-BBFC004EBB55}.Debug|Any CPU.Build.0 = Debug|Any CPU
		{5BD2ACF0-3E58-4556-B9AF-BBFC004EBB55}.Debug|x86.ActiveCfg = Debug|Any CPU
		{5BD2ACF0-3E58-4556-B9AF-BBFC004EBB55}.Release|Any CPU.ActiveCfg = Release|Any CPU
		{5BD2ACF0-3E58-4556-B9AF-BBFC004EBB55}.Release|Any CPU.Build.0 = Release|Any CPU
		{5BD2ACF0-3E58-4556-B9AF-BBFC004EBB55}.Release|x86.ActiveCfg = Release|Any CPU
		{5BD2ACF0-3E58-4556-B9AF-BBFC004EBB55}.Test|Any CPU.ActiveCfg = Release|Any CPU
		{5BD2ACF0-3E58-4556-B9AF-BBFC004EBB55}.Test|Any CPU.Build.0 = Release|Any CPU
		{5BD2ACF0-3E58-4556-B9AF-BBFC004EBB55}.Test|x86.ActiveCfg = Debug|Any CPU
		{B96EC058-D0AF-4B2B-8AFF-6300F286F89A}.CodeAnalysis|Any CPU.ActiveCfg = Release|Any CPU
		{B96EC058-D0AF-4B2B-8AFF-6300F286F89A}.CodeAnalysis|Any CPU.Build.0 = Release|Any CPU
		{B96EC058-D0AF-4B2B-8AFF-6300F286F89A}.CodeAnalysis|x86.ActiveCfg = Debug|Any CPU
		{B96EC058-D0AF-4B2B-8AFF-6300F286F89A}.Debug|Any CPU.ActiveCfg = Debug|Any CPU
		{B96EC058-D0AF-4B2B-8AFF-6300F286F89A}.Debug|Any CPU.Build.0 = Debug|Any CPU
		{B96EC058-D0AF-4B2B-8AFF-6300F286F89A}.Debug|x86.ActiveCfg = Debug|Any CPU
		{B96EC058-D0AF-4B2B-8AFF-6300F286F89A}.Release|Any CPU.ActiveCfg = Release|Any CPU
		{B96EC058-D0AF-4B2B-8AFF-6300F286F89A}.Release|Any CPU.Build.0 = Release|Any CPU
		{B96EC058-D0AF-4B2B-8AFF-6300F286F89A}.Release|x86.ActiveCfg = Release|Any CPU
		{B96EC058-D0AF-4B2B-8AFF-6300F286F89A}.Test|Any CPU.ActiveCfg = Release|Any CPU
		{B96EC058-D0AF-4B2B-8AFF-6300F286F89A}.Test|Any CPU.Build.0 = Release|Any CPU
		{B96EC058-D0AF-4B2B-8AFF-6300F286F89A}.Test|x86.ActiveCfg = Debug|Any CPU
		{23D90C94-647A-416C-9227-9A0779401EBC}.CodeAnalysis|Any CPU.ActiveCfg = Release|Any CPU
		{23D90C94-647A-416C-9227-9A0779401EBC}.CodeAnalysis|Any CPU.Build.0 = Release|Any CPU
		{23D90C94-647A-416C-9227-9A0779401EBC}.CodeAnalysis|x86.ActiveCfg = Debug|Any CPU
		{23D90C94-647A-416C-9227-9A0779401EBC}.Debug|Any CPU.ActiveCfg = Debug|Any CPU
		{23D90C94-647A-416C-9227-9A0779401EBC}.Debug|x86.ActiveCfg = Debug|Any CPU
		{23D90C94-647A-416C-9227-9A0779401EBC}.Release|Any CPU.ActiveCfg = Release|Any CPU
		{23D90C94-647A-416C-9227-9A0779401EBC}.Release|Any CPU.Build.0 = Release|Any CPU
		{23D90C94-647A-416C-9227-9A0779401EBC}.Release|x86.ActiveCfg = Release|Any CPU
		{23D90C94-647A-416C-9227-9A0779401EBC}.Test|Any CPU.ActiveCfg = Release|Any CPU
		{23D90C94-647A-416C-9227-9A0779401EBC}.Test|Any CPU.Build.0 = Release|Any CPU
		{23D90C94-647A-416C-9227-9A0779401EBC}.Test|x86.ActiveCfg = Debug|Any CPU
		{3BCCAB71-BC4E-4D1C-A7CB-AB0D87B4E1DD}.CodeAnalysis|Any CPU.ActiveCfg = Release|Any CPU
		{3BCCAB71-BC4E-4D1C-A7CB-AB0D87B4E1DD}.CodeAnalysis|Any CPU.Build.0 = Release|Any CPU
		{3BCCAB71-BC4E-4D1C-A7CB-AB0D87B4E1DD}.CodeAnalysis|x86.ActiveCfg = Debug|Any CPU
		{3BCCAB71-BC4E-4D1C-A7CB-AB0D87B4E1DD}.Debug|Any CPU.ActiveCfg = Debug|Any CPU
		{3BCCAB71-BC4E-4D1C-A7CB-AB0D87B4E1DD}.Debug|Any CPU.Build.0 = Debug|Any CPU
		{3BCCAB71-BC4E-4D1C-A7CB-AB0D87B4E1DD}.Debug|x86.ActiveCfg = Debug|Any CPU
		{3BCCAB71-BC4E-4D1C-A7CB-AB0D87B4E1DD}.Release|Any CPU.ActiveCfg = Release|Any CPU
		{3BCCAB71-BC4E-4D1C-A7CB-AB0D87B4E1DD}.Release|Any CPU.Build.0 = Release|Any CPU
		{3BCCAB71-BC4E-4D1C-A7CB-AB0D87B4E1DD}.Release|x86.ActiveCfg = Release|Any CPU
		{3BCCAB71-BC4E-4D1C-A7CB-AB0D87B4E1DD}.Test|Any CPU.ActiveCfg = Release|Any CPU
		{3BCCAB71-BC4E-4D1C-A7CB-AB0D87B4E1DD}.Test|Any CPU.Build.0 = Release|Any CPU
		{3BCCAB71-BC4E-4D1C-A7CB-AB0D87B4E1DD}.Test|x86.ActiveCfg = Debug|Any CPU
		{51AC27B4-11AE-4F59-B82A-0BB3AFA5F62B}.CodeAnalysis|Any CPU.ActiveCfg = Release|Any CPU
		{51AC27B4-11AE-4F59-B82A-0BB3AFA5F62B}.CodeAnalysis|Any CPU.Build.0 = Release|Any CPU
		{51AC27B4-11AE-4F59-B82A-0BB3AFA5F62B}.CodeAnalysis|x86.ActiveCfg = Release|x86
		{51AC27B4-11AE-4F59-B82A-0BB3AFA5F62B}.CodeAnalysis|x86.Build.0 = Release|x86
		{51AC27B4-11AE-4F59-B82A-0BB3AFA5F62B}.Debug|Any CPU.ActiveCfg = Debug|Any CPU
		{51AC27B4-11AE-4F59-B82A-0BB3AFA5F62B}.Debug|Any CPU.Build.0 = Debug|Any CPU
		{51AC27B4-11AE-4F59-B82A-0BB3AFA5F62B}.Debug|x86.ActiveCfg = Debug|x86
		{51AC27B4-11AE-4F59-B82A-0BB3AFA5F62B}.Debug|x86.Build.0 = Debug|x86
		{51AC27B4-11AE-4F59-B82A-0BB3AFA5F62B}.Release|Any CPU.ActiveCfg = Release|Any CPU
		{51AC27B4-11AE-4F59-B82A-0BB3AFA5F62B}.Release|Any CPU.Build.0 = Release|Any CPU
		{51AC27B4-11AE-4F59-B82A-0BB3AFA5F62B}.Release|x86.ActiveCfg = Release|x86
		{51AC27B4-11AE-4F59-B82A-0BB3AFA5F62B}.Release|x86.Build.0 = Release|x86
		{51AC27B4-11AE-4F59-B82A-0BB3AFA5F62B}.Test|Any CPU.ActiveCfg = Release|Any CPU
		{51AC27B4-11AE-4F59-B82A-0BB3AFA5F62B}.Test|Any CPU.Build.0 = Release|Any CPU
		{51AC27B4-11AE-4F59-B82A-0BB3AFA5F62B}.Test|x86.ActiveCfg = Release|x86
		{51AC27B4-11AE-4F59-B82A-0BB3AFA5F62B}.Test|x86.Build.0 = Release|x86
		{8552E919-8A5B-49D0-B7C7-CB42F1E229A9}.CodeAnalysis|Any CPU.ActiveCfg = Release|Any CPU
		{8552E919-8A5B-49D0-B7C7-CB42F1E229A9}.CodeAnalysis|Any CPU.Build.0 = Release|Any CPU
		{8552E919-8A5B-49D0-B7C7-CB42F1E229A9}.CodeAnalysis|x86.ActiveCfg = Release|Any CPU
		{8552E919-8A5B-49D0-B7C7-CB42F1E229A9}.Debug|Any CPU.ActiveCfg = Debug|Any CPU
		{8552E919-8A5B-49D0-B7C7-CB42F1E229A9}.Debug|Any CPU.Build.0 = Debug|Any CPU
		{8552E919-8A5B-49D0-B7C7-CB42F1E229A9}.Debug|x86.ActiveCfg = Debug|Any CPU
		{8552E919-8A5B-49D0-B7C7-CB42F1E229A9}.Release|Any CPU.ActiveCfg = Release|Any CPU
		{8552E919-8A5B-49D0-B7C7-CB42F1E229A9}.Release|Any CPU.Build.0 = Release|Any CPU
		{8552E919-8A5B-49D0-B7C7-CB42F1E229A9}.Release|x86.ActiveCfg = Release|Any CPU
		{8552E919-8A5B-49D0-B7C7-CB42F1E229A9}.Test|Any CPU.ActiveCfg = Release|Any CPU
		{8552E919-8A5B-49D0-B7C7-CB42F1E229A9}.Test|Any CPU.Build.0 = Release|Any CPU
		{8552E919-8A5B-49D0-B7C7-CB42F1E229A9}.Test|x86.ActiveCfg = Release|Any CPU
		{8C8C21F4-A262-4F06-8728-157CEC6FA4A3}.CodeAnalysis|Any CPU.ActiveCfg = Release|Any CPU
		{8C8C21F4-A262-4F06-8728-157CEC6FA4A3}.CodeAnalysis|Any CPU.Build.0 = Release|Any CPU
		{8C8C21F4-A262-4F06-8728-157CEC6FA4A3}.CodeAnalysis|x86.ActiveCfg = Release|Any CPU
		{8C8C21F4-A262-4F06-8728-157CEC6FA4A3}.Debug|Any CPU.ActiveCfg = Debug|Any CPU
		{8C8C21F4-A262-4F06-8728-157CEC6FA4A3}.Debug|Any CPU.Build.0 = Debug|Any CPU
		{8C8C21F4-A262-4F06-8728-157CEC6FA4A3}.Debug|x86.ActiveCfg = Debug|Any CPU
		{8C8C21F4-A262-4F06-8728-157CEC6FA4A3}.Release|Any CPU.ActiveCfg = Release|Any CPU
		{8C8C21F4-A262-4F06-8728-157CEC6FA4A3}.Release|Any CPU.Build.0 = Release|Any CPU
		{8C8C21F4-A262-4F06-8728-157CEC6FA4A3}.Release|x86.ActiveCfg = Release|Any CPU
		{8C8C21F4-A262-4F06-8728-157CEC6FA4A3}.Test|Any CPU.ActiveCfg = Release|Any CPU
		{8C8C21F4-A262-4F06-8728-157CEC6FA4A3}.Test|Any CPU.Build.0 = Release|Any CPU
		{8C8C21F4-A262-4F06-8728-157CEC6FA4A3}.Test|x86.ActiveCfg = Release|Any CPU
		{1B9DAEAE-1477-4A45-BAD0-EA53288F2C52}.CodeAnalysis|Any CPU.ActiveCfg = Release|Any CPU
		{1B9DAEAE-1477-4A45-BAD0-EA53288F2C52}.CodeAnalysis|Any CPU.Build.0 = Release|Any CPU
		{1B9DAEAE-1477-4A45-BAD0-EA53288F2C52}.CodeAnalysis|x86.ActiveCfg = Release|Any CPU
		{1B9DAEAE-1477-4A45-BAD0-EA53288F2C52}.Debug|Any CPU.ActiveCfg = Debug|Any CPU
		{1B9DAEAE-1477-4A45-BAD0-EA53288F2C52}.Debug|Any CPU.Build.0 = Debug|Any CPU
		{1B9DAEAE-1477-4A45-BAD0-EA53288F2C52}.Debug|x86.ActiveCfg = Debug|Any CPU
		{1B9DAEAE-1477-4A45-BAD0-EA53288F2C52}.Release|Any CPU.ActiveCfg = Release|Any CPU
		{1B9DAEAE-1477-4A45-BAD0-EA53288F2C52}.Release|Any CPU.Build.0 = Release|Any CPU
		{1B9DAEAE-1477-4A45-BAD0-EA53288F2C52}.Release|x86.ActiveCfg = Release|Any CPU
		{1B9DAEAE-1477-4A45-BAD0-EA53288F2C52}.Test|Any CPU.ActiveCfg = Release|Any CPU
		{1B9DAEAE-1477-4A45-BAD0-EA53288F2C52}.Test|Any CPU.Build.0 = Release|Any CPU
		{1B9DAEAE-1477-4A45-BAD0-EA53288F2C52}.Test|x86.ActiveCfg = Release|Any CPU
		{8EE36ABD-5CB9-4AC5-A411-3B93BB19C77A}.CodeAnalysis|Any CPU.ActiveCfg = Release|Any CPU
		{8EE36ABD-5CB9-4AC5-A411-3B93BB19C77A}.CodeAnalysis|Any CPU.Build.0 = Release|Any CPU
		{8EE36ABD-5CB9-4AC5-A411-3B93BB19C77A}.CodeAnalysis|x86.ActiveCfg = Release|Any CPU
		{8EE36ABD-5CB9-4AC5-A411-3B93BB19C77A}.CodeAnalysis|x86.Build.0 = Release|Any CPU
		{8EE36ABD-5CB9-4AC5-A411-3B93BB19C77A}.Debug|Any CPU.ActiveCfg = Debug|Any CPU
		{8EE36ABD-5CB9-4AC5-A411-3B93BB19C77A}.Debug|Any CPU.Build.0 = Debug|Any CPU
		{8EE36ABD-5CB9-4AC5-A411-3B93BB19C77A}.Debug|x86.ActiveCfg = Debug|Any CPU
		{8EE36ABD-5CB9-4AC5-A411-3B93BB19C77A}.Debug|x86.Build.0 = Debug|Any CPU
		{8EE36ABD-5CB9-4AC5-A411-3B93BB19C77A}.Release|Any CPU.ActiveCfg = Release|Any CPU
		{8EE36ABD-5CB9-4AC5-A411-3B93BB19C77A}.Release|Any CPU.Build.0 = Release|Any CPU
		{8EE36ABD-5CB9-4AC5-A411-3B93BB19C77A}.Release|x86.ActiveCfg = Release|Any CPU
		{8EE36ABD-5CB9-4AC5-A411-3B93BB19C77A}.Release|x86.Build.0 = Release|Any CPU
		{8EE36ABD-5CB9-4AC5-A411-3B93BB19C77A}.Test|Any CPU.ActiveCfg = Release|Any CPU
		{8EE36ABD-5CB9-4AC5-A411-3B93BB19C77A}.Test|Any CPU.Build.0 = Release|Any CPU
		{8EE36ABD-5CB9-4AC5-A411-3B93BB19C77A}.Test|x86.ActiveCfg = Release|Any CPU
		{8EE36ABD-5CB9-4AC5-A411-3B93BB19C77A}.Test|x86.Build.0 = Release|Any CPU
		{5EC43740-E6B1-4C21-A9FB-B45255D6055B}.CodeAnalysis|Any CPU.ActiveCfg = Release|Any CPU
		{5EC43740-E6B1-4C21-A9FB-B45255D6055B}.CodeAnalysis|Any CPU.Build.0 = Release|Any CPU
		{5EC43740-E6B1-4C21-A9FB-B45255D6055B}.CodeAnalysis|x86.ActiveCfg = Release|Any CPU
		{5EC43740-E6B1-4C21-A9FB-B45255D6055B}.CodeAnalysis|x86.Build.0 = Release|Any CPU
		{5EC43740-E6B1-4C21-A9FB-B45255D6055B}.Debug|Any CPU.ActiveCfg = Debug|Any CPU
		{5EC43740-E6B1-4C21-A9FB-B45255D6055B}.Debug|Any CPU.Build.0 = Debug|Any CPU
		{5EC43740-E6B1-4C21-A9FB-B45255D6055B}.Debug|x86.ActiveCfg = Debug|Any CPU
		{5EC43740-E6B1-4C21-A9FB-B45255D6055B}.Debug|x86.Build.0 = Debug|Any CPU
		{5EC43740-E6B1-4C21-A9FB-B45255D6055B}.Release|Any CPU.ActiveCfg = Release|Any CPU
		{5EC43740-E6B1-4C21-A9FB-B45255D6055B}.Release|Any CPU.Build.0 = Release|Any CPU
		{5EC43740-E6B1-4C21-A9FB-B45255D6055B}.Release|x86.ActiveCfg = Release|Any CPU
		{5EC43740-E6B1-4C21-A9FB-B45255D6055B}.Release|x86.Build.0 = Release|Any CPU
		{5EC43740-E6B1-4C21-A9FB-B45255D6055B}.Test|Any CPU.ActiveCfg = Release|Any CPU
		{5EC43740-E6B1-4C21-A9FB-B45255D6055B}.Test|Any CPU.Build.0 = Release|Any CPU
		{5EC43740-E6B1-4C21-A9FB-B45255D6055B}.Test|x86.ActiveCfg = Release|Any CPU
		{5EC43740-E6B1-4C21-A9FB-B45255D6055B}.Test|x86.Build.0 = Release|Any CPU
	EndGlobalSection
	GlobalSection(SolutionProperties) = preSolution
		HideSolutionNode = FALSE
	EndGlobalSection
	GlobalSection(NestedProjects) = preSolution
		{D2AC8387-FC21-4E8E-810B-C0A637D44222} = {E4BC093E-6B38-4128-B368-93AE4D72DAB0}
		{946E0A0A-8280-46B3-893E-1B00A554CCAB} = {E4BC093E-6B38-4128-B368-93AE4D72DAB0}
		{D58A373C-1A9C-4BF7-833D-427E4AEF8502} = {E4BC093E-6B38-4128-B368-93AE4D72DAB0}
		{F7C67C95-FACB-4160-9A88-CB738E65E034} = {E4BC093E-6B38-4128-B368-93AE4D72DAB0}
		{C925C08F-2E11-45EA-BA85-BBF90F17F886} = {E4BC093E-6B38-4128-B368-93AE4D72DAB0}
		{814092CD-9CD0-4FB7-91E8-D147F476F1FB} = {C02F6006-926C-44F8-9B6E-703A9BA52342}
		{1D815FBF-451C-4E23-939C-CB80172F445C} = {C02F6006-926C-44F8-9B6E-703A9BA52342}
		{2CA35598-F1A1-4DC9-AA20-A4346BFCB954} = {C02F6006-926C-44F8-9B6E-703A9BA52342}
		{18C3D59C-C5C8-4CF9-AD10-CBB0659ADCF8} = {99DF5C3A-AD95-4F65-83DF-BC83F619070B}
		{2F57CF8C-F50F-4215-BAF9-3863DAD1FE93} = {E4BC093E-6B38-4128-B368-93AE4D72DAB0}
		{3B9953E6-E8AC-409B-9DFA-E982C8B9A32F} = {3FEC96D8-7407-4519-BC7D-4BBE837C4008}
		{E95F23B9-C1D9-4AF3-8E12-A5CC13492AC9} = {3B9953E6-E8AC-409B-9DFA-E982C8B9A32F}
		{5BD2ACF0-3E58-4556-B9AF-BBFC004EBB55} = {3B9953E6-E8AC-409B-9DFA-E982C8B9A32F}
		{B96EC058-D0AF-4B2B-8AFF-6300F286F89A} = {D8C3295E-0EAD-4474-878F-E1317FFF6F86}
		{23D90C94-647A-416C-9227-9A0779401EBC} = {D8C3295E-0EAD-4474-878F-E1317FFF6F86}
		{3BCCAB71-BC4E-4D1C-A7CB-AB0D87B4E1DD} = {D8C3295E-0EAD-4474-878F-E1317FFF6F86}
		{F00F6797-8DEC-4212-B6CC-20F3B3CCD8E0} = {C02F6006-926C-44F8-9B6E-703A9BA52342}
		{51AC27B4-11AE-4F59-B82A-0BB3AFA5F62B} = {F00F6797-8DEC-4212-B6CC-20F3B3CCD8E0}
		{8552E919-8A5B-49D0-B7C7-CB42F1E229A9} = {F00F6797-8DEC-4212-B6CC-20F3B3CCD8E0}
		{8C8C21F4-A262-4F06-8728-157CEC6FA4A3} = {3FEC96D8-7407-4519-BC7D-4BBE837C4008}
		{1B9DAEAE-1477-4A45-BAD0-EA53288F2C52} = {3FEC96D8-7407-4519-BC7D-4BBE837C4008}
		{8EE36ABD-5CB9-4AC5-A411-3B93BB19C77A} = {99DF5C3A-AD95-4F65-83DF-BC83F619070B}
		{5EC43740-E6B1-4C21-A9FB-B45255D6055B} = {99DF5C3A-AD95-4F65-83DF-BC83F619070B}
	EndGlobalSection
	GlobalSection(ExtensibilityGlobals) = postSolution
		SolutionGuid = {CFBAAFB3-730C-463E-A089-70433A81DE6B}
	EndGlobalSection
EndGlobal
